#MicroXplorer Configuration settings - do not modify
CORTEX_M7.CPU_ICache=Enabled
CORTEX_M7.IPParameters=CPU_ICache
Dma.Request0=UART7_TX
Dma.Request1=SPI2_RX
Dma.Request10=SAI2_B
Dma.Request2=SPI2_TX
Dma.Request3=SPI4_RX
Dma.Request4=SAI1_B
Dma.Request5=SPI3_RX
Dma.Request6=SPI3_TX
Dma.Request7=SPI4_TX
Dma.Request8=SAI1_A
Dma.Request9=SAI2_A
Dma.RequestsNb=11
Dma.SAI1_A.8.Direction=DMA_PERIPH_TO_MEMORY
Dma.SAI1_A.8.FIFOMode=DMA_FIFOMODE_ENABLE
Dma.SAI1_A.8.FIFOThreshold=DMA_FIFO_THRESHOLD_FULL
Dma.SAI1_A.8.Instance=DMA2_Stream3
Dma.SAI1_A.8.MemBurst=DMA_MBURST_SINGLE
Dma.SAI1_A.8.MemDataAlignment=DMA_MDATAALIGN_WORD
Dma.SAI1_A.8.MemInc=DMA_MINC_ENABLE
Dma.SAI1_A.8.Mode=DMA_NORMAL
Dma.SAI1_A.8.PeriphBurst=DMA_PBURST_SINGLE
Dma.SAI1_A.8.PeriphDataAlignment=DMA_PDATAALIGN_WORD
Dma.SAI1_A.8.PeriphInc=DMA_PINC_DISABLE
Dma.SAI1_A.8.Priority=DMA_PRIORITY_VERY_HIGH
Dma.SAI1_A.8.RequestParameters=Instance,Direction,PeriphInc,MemInc,PeriphDataAlignment,MemDataAlignment,Mode,Priority,FIFOMode,FIFOThreshold,MemBurst,PeriphBurst
Dma.SAI1_B.4.Direction=DMA_PERIPH_TO_MEMORY
Dma.SAI1_B.4.FIFOMode=DMA_FIFOMODE_ENABLE
Dma.SAI1_B.4.FIFOThreshold=DMA_FIFO_THRESHOLD_FULL
Dma.SAI1_B.4.Instance=DMA2_Stream5
Dma.SAI1_B.4.MemBurst=DMA_MBURST_SINGLE
Dma.SAI1_B.4.MemDataAlignment=DMA_MDATAALIGN_WORD
Dma.SAI1_B.4.MemInc=DMA_MINC_ENABLE
Dma.SAI1_B.4.Mode=DMA_NORMAL
Dma.SAI1_B.4.PeriphBurst=DMA_PBURST_SINGLE
Dma.SAI1_B.4.PeriphDataAlignment=DMA_PDATAALIGN_WORD
Dma.SAI1_B.4.PeriphInc=DMA_PINC_DISABLE
Dma.SAI1_B.4.Priority=DMA_PRIORITY_VERY_HIGH
Dma.SAI1_B.4.RequestParameters=Instance,Direction,PeriphInc,MemInc,PeriphDataAlignment,MemDataAlignment,Mode,Priority,FIFOMode,FIFOThreshold,MemBurst,PeriphBurst
Dma.SAI2_A.9.Direction=DMA_PERIPH_TO_MEMORY
Dma.SAI2_A.9.FIFOMode=DMA_FIFOMODE_ENABLE
Dma.SAI2_A.9.FIFOThreshold=DMA_FIFO_THRESHOLD_FULL
Dma.SAI2_A.9.Instance=DMA2_Stream2
Dma.SAI2_A.9.MemBurst=DMA_MBURST_SINGLE
Dma.SAI2_A.9.MemDataAlignment=DMA_MDATAALIGN_WORD
Dma.SAI2_A.9.MemInc=DMA_MINC_ENABLE
Dma.SAI2_A.9.Mode=DMA_NORMAL
Dma.SAI2_A.9.PeriphBurst=DMA_PBURST_SINGLE
Dma.SAI2_A.9.PeriphDataAlignment=DMA_PDATAALIGN_WORD
Dma.SAI2_A.9.PeriphInc=DMA_PINC_DISABLE
Dma.SAI2_A.9.Priority=DMA_PRIORITY_LOW
Dma.SAI2_A.9.RequestParameters=Instance,Direction,PeriphInc,MemInc,PeriphDataAlignment,MemDataAlignment,Mode,Priority,FIFOMode,FIFOThreshold,MemBurst,PeriphBurst
Dma.SAI2_B.10.Direction=DMA_PERIPH_TO_MEMORY
Dma.SAI2_B.10.FIFOMode=DMA_FIFOMODE_ENABLE
Dma.SAI2_B.10.FIFOThreshold=DMA_FIFO_THRESHOLD_FULL
Dma.SAI2_B.10.Instance=DMA2_Stream6
Dma.SAI2_B.10.MemBurst=DMA_MBURST_SINGLE
Dma.SAI2_B.10.MemDataAlignment=DMA_MDATAALIGN_WORD
Dma.SAI2_B.10.MemInc=DMA_MINC_ENABLE
Dma.SAI2_B.10.Mode=DMA_NORMAL
Dma.SAI2_B.10.PeriphBurst=DMA_PBURST_SINGLE
Dma.SAI2_B.10.PeriphDataAlignment=DMA_PDATAALIGN_WORD
Dma.SAI2_B.10.PeriphInc=DMA_PINC_DISABLE
Dma.SAI2_B.10.Priority=DMA_PRIORITY_LOW
Dma.SAI2_B.10.RequestParameters=Instance,Direction,PeriphInc,MemInc,PeriphDataAlignment,MemDataAlignment,Mode,Priority,FIFOMode,FIFOThreshold,MemBurst,PeriphBurst
Dma.SPI2_RX.1.Direction=DMA_PERIPH_TO_MEMORY
Dma.SPI2_RX.1.FIFOMode=DMA_FIFOMODE_ENABLE
Dma.SPI2_RX.1.FIFOThreshold=DMA_FIFO_THRESHOLD_FULL
Dma.SPI2_RX.1.Instance=DMA1_Stream3
Dma.SPI2_RX.1.MemBurst=DMA_MBURST_SINGLE
Dma.SPI2_RX.1.MemDataAlignment=DMA_MDATAALIGN_BYTE
Dma.SPI2_RX.1.MemInc=DMA_MINC_ENABLE
Dma.SPI2_RX.1.Mode=DMA_NORMAL
Dma.SPI2_RX.1.PeriphBurst=DMA_PBURST_SINGLE
Dma.SPI2_RX.1.PeriphDataAlignment=DMA_PDATAALIGN_BYTE
Dma.SPI2_RX.1.PeriphInc=DMA_PINC_DISABLE
Dma.SPI2_RX.1.Priority=DMA_PRIORITY_LOW
Dma.SPI2_RX.1.RequestParameters=Instance,Direction,PeriphInc,MemInc,PeriphDataAlignment,MemDataAlignment,Mode,Priority,FIFOMode,FIFOThreshold,MemBurst,PeriphBurst
Dma.SPI2_TX.2.Direction=DMA_MEMORY_TO_PERIPH
Dma.SPI2_TX.2.FIFOMode=DMA_FIFOMODE_ENABLE
Dma.SPI2_TX.2.FIFOThreshold=DMA_FIFO_THRESHOLD_FULL
Dma.SPI2_TX.2.Instance=DMA1_Stream4
Dma.SPI2_TX.2.MemBurst=DMA_MBURST_SINGLE
Dma.SPI2_TX.2.MemDataAlignment=DMA_MDATAALIGN_BYTE
Dma.SPI2_TX.2.MemInc=DMA_MINC_ENABLE
Dma.SPI2_TX.2.Mode=DMA_NORMAL
Dma.SPI2_TX.2.PeriphBurst=DMA_PBURST_SINGLE
Dma.SPI2_TX.2.PeriphDataAlignment=DMA_PDATAALIGN_BYTE
Dma.SPI2_TX.2.PeriphInc=DMA_PINC_DISABLE
Dma.SPI2_TX.2.Priority=DMA_PRIORITY_LOW
Dma.SPI2_TX.2.RequestParameters=Instance,Direction,PeriphInc,MemInc,PeriphDataAlignment,MemDataAlignment,Mode,Priority,FIFOMode,FIFOThreshold,MemBurst,PeriphBurst
Dma.SPI3_RX.5.Direction=DMA_PERIPH_TO_MEMORY
Dma.SPI3_RX.5.FIFOMode=DMA_FIFOMODE_ENABLE
Dma.SPI3_RX.5.FIFOThreshold=DMA_FIFO_THRESHOLD_FULL
Dma.SPI3_RX.5.Instance=DMA1_Stream0
Dma.SPI3_RX.5.MemBurst=DMA_MBURST_SINGLE
Dma.SPI3_RX.5.MemDataAlignment=DMA_MDATAALIGN_BYTE
Dma.SPI3_RX.5.MemInc=DMA_MINC_ENABLE
Dma.SPI3_RX.5.Mode=DMA_NORMAL
Dma.SPI3_RX.5.PeriphBurst=DMA_PBURST_SINGLE
Dma.SPI3_RX.5.PeriphDataAlignment=DMA_PDATAALIGN_BYTE
Dma.SPI3_RX.5.PeriphInc=DMA_PINC_DISABLE
Dma.SPI3_RX.5.Priority=DMA_PRIORITY_LOW
Dma.SPI3_RX.5.RequestParameters=Instance,Direction,PeriphInc,MemInc,PeriphDataAlignment,MemDataAlignment,Mode,Priority,FIFOMode,FIFOThreshold,MemBurst,PeriphBurst
Dma.SPI3_TX.6.Direction=DMA_MEMORY_TO_PERIPH
Dma.SPI3_TX.6.FIFOMode=DMA_FIFOMODE_ENABLE
Dma.SPI3_TX.6.FIFOThreshold=DMA_FIFO_THRESHOLD_FULL
Dma.SPI3_TX.6.Instance=DMA1_Stream5
Dma.SPI3_TX.6.MemBurst=DMA_MBURST_SINGLE
Dma.SPI3_TX.6.MemDataAlignment=DMA_MDATAALIGN_BYTE
Dma.SPI3_TX.6.MemInc=DMA_MINC_ENABLE
Dma.SPI3_TX.6.Mode=DMA_NORMAL
Dma.SPI3_TX.6.PeriphBurst=DMA_PBURST_SINGLE
Dma.SPI3_TX.6.PeriphDataAlignment=DMA_PDATAALIGN_BYTE
Dma.SPI3_TX.6.PeriphInc=DMA_PINC_DISABLE
Dma.SPI3_TX.6.Priority=DMA_PRIORITY_LOW
Dma.SPI3_TX.6.RequestParameters=Instance,Direction,PeriphInc,MemInc,PeriphDataAlignment,MemDataAlignment,Mode,Priority,FIFOMode,FIFOThreshold,MemBurst,PeriphBurst
Dma.SPI4_RX.3.Direction=DMA_PERIPH_TO_MEMORY
Dma.SPI4_RX.3.FIFOMode=DMA_FIFOMODE_ENABLE
Dma.SPI4_RX.3.FIFOThreshold=DMA_FIFO_THRESHOLD_FULL
Dma.SPI4_RX.3.Instance=DMA2_Stream0
Dma.SPI4_RX.3.MemBurst=DMA_MBURST_SINGLE
Dma.SPI4_RX.3.MemDataAlignment=DMA_MDATAALIGN_BYTE
Dma.SPI4_RX.3.MemInc=DMA_MINC_ENABLE
Dma.SPI4_RX.3.Mode=DMA_NORMAL
Dma.SPI4_RX.3.PeriphBurst=DMA_PBURST_SINGLE
Dma.SPI4_RX.3.PeriphDataAlignment=DMA_PDATAALIGN_BYTE
Dma.SPI4_RX.3.PeriphInc=DMA_PINC_DISABLE
Dma.SPI4_RX.3.Priority=DMA_PRIORITY_LOW
Dma.SPI4_RX.3.RequestParameters=Instance,Direction,PeriphInc,MemInc,PeriphDataAlignment,MemDataAlignment,Mode,Priority,FIFOMode,FIFOThreshold,MemBurst,PeriphBurst
Dma.SPI4_TX.7.Direction=DMA_MEMORY_TO_PERIPH
Dma.SPI4_TX.7.FIFOMode=DMA_FIFOMODE_ENABLE
Dma.SPI4_TX.7.FIFOThreshold=DMA_FIFO_THRESHOLD_FULL
Dma.SPI4_TX.7.Instance=DMA2_Stream1
Dma.SPI4_TX.7.MemBurst=DMA_MBURST_SINGLE
Dma.SPI4_TX.7.MemDataAlignment=DMA_MDATAALIGN_BYTE
Dma.SPI4_TX.7.MemInc=DMA_MINC_ENABLE
Dma.SPI4_TX.7.Mode=DMA_NORMAL
Dma.SPI4_TX.7.PeriphBurst=DMA_PBURST_SINGLE
Dma.SPI4_TX.7.PeriphDataAlignment=DMA_PDATAALIGN_BYTE
Dma.SPI4_TX.7.PeriphInc=DMA_PINC_DISABLE
Dma.SPI4_TX.7.Priority=DMA_PRIORITY_LOW
Dma.SPI4_TX.7.RequestParameters=Instance,Direction,PeriphInc,MemInc,PeriphDataAlignment,MemDataAlignment,Mode,Priority,FIFOMode,FIFOThreshold,MemBurst,PeriphBurst
Dma.UART7_TX.0.Direction=DMA_MEMORY_TO_PERIPH
Dma.UART7_TX.0.FIFOMode=DMA_FIFOMODE_ENABLE
Dma.UART7_TX.0.FIFOThreshold=DMA_FIFO_THRESHOLD_FULL
Dma.UART7_TX.0.Instance=DMA1_Stream1
Dma.UART7_TX.0.MemBurst=DMA_MBURST_SINGLE
Dma.UART7_TX.0.MemDataAlignment=DMA_MDATAALIGN_BYTE
Dma.UART7_TX.0.MemInc=DMA_MINC_ENABLE
Dma.UART7_TX.0.Mode=DMA_NORMAL
Dma.UART7_TX.0.PeriphBurst=DMA_PBURST_SINGLE
Dma.UART7_TX.0.PeriphDataAlignment=DMA_PDATAALIGN_BYTE
Dma.UART7_TX.0.PeriphInc=DMA_PINC_DISABLE
Dma.UART7_TX.0.Priority=DMA_PRIORITY_LOW
Dma.UART7_TX.0.RequestParameters=Instance,Direction,PeriphInc,MemInc,PeriphDataAlignment,MemDataAlignment,Mode,Priority,FIFOMode,FIFOThreshold,MemBurst,PeriphBurst
File.Version=6
KeepUserPlacement=false
Mcu.Family=STM32F7
Mcu.IP0=CORTEX_M7
Mcu.IP1=DMA
Mcu.IP10=UART7
Mcu.IP11=USART1
Mcu.IP2=NVIC
Mcu.IP3=RCC
Mcu.IP4=SAI1
Mcu.IP5=SAI2
Mcu.IP6=SPI2
Mcu.IP7=SPI3
Mcu.IP8=SPI4
Mcu.IP9=SYS
Mcu.IPNb=12
Mcu.Name=STM32F765Z(G-I)Tx
Mcu.Package=LQFP144
Mcu.Pin0=PE2
Mcu.Pin1=PE3
Mcu.Pin10=PF4
Mcu.Pin11=PF5
Mcu.Pin12=PF6
Mcu.Pin13=PF7
Mcu.Pin14=PF8
Mcu.Pin15=PF9
Mcu.Pin16=PF10
Mcu.Pin17=PC0
Mcu.Pin18=PC1
Mcu.Pin19=PC2
Mcu.Pin2=PE4
Mcu.Pin20=PC3
Mcu.Pin21=PA0/WKUP
Mcu.Pin22=PA1
Mcu.Pin23=PA2
Mcu.Pin24=PA7
Mcu.Pin25=PC4
Mcu.Pin26=PC5
Mcu.Pin27=PF12
Mcu.Pin28=PG0
Mcu.Pin29=PG1
Mcu.Pin3=PE5
Mcu.Pin30=PE11
Mcu.Pin31=PE12
Mcu.Pin32=PE13
Mcu.Pin33=PE14
Mcu.Pin34=PB10
Mcu.Pin35=PB11
Mcu.Pin36=PB12
Mcu.Pin37=PB13
Mcu.Pin38=PB14
Mcu.Pin39=PB15
Mcu.Pin4=PE6
Mcu.Pin40=PD8
Mcu.Pin41=PD9
Mcu.Pin42=PD11
Mcu.Pin43=PD12
Mcu.Pin44=PD13
Mcu.Pin45=PG2
Mcu.Pin46=PG3
Mcu.Pin47=PG4
Mcu.Pin48=PG5
Mcu.Pin49=PG6
Mcu.Pin5=PC13
Mcu.Pin50=PG8
Mcu.Pin51=PC8
Mcu.Pin52=PC9
Mcu.Pin53=PA8
Mcu.Pin54=PA9
Mcu.Pin55=PA10
Mcu.Pin56=PA11
Mcu.Pin57=PA12
Mcu.Pin58=PA13
Mcu.Pin59=PA14
Mcu.Pin6=PF0
Mcu.Pin60=PA15
Mcu.Pin61=PC10
Mcu.Pin62=PC11
Mcu.Pin63=PC12
Mcu.Pin64=PD2
Mcu.Pin65=PD6
Mcu.Pin66=PD7
Mcu.Pin67=PG9
Mcu.Pin68=PG10
Mcu.Pin69=PG11
Mcu.Pin7=PF1
Mcu.Pin70=PG12
Mcu.Pin71=PG13
Mcu.Pin72=PB3
Mcu.Pin73=PB4
Mcu.Pin74=PB5
Mcu.Pin75=PB6
Mcu.Pin76=PB9
Mcu.Pin77=PE0
Mcu.Pin78=PE1
Mcu.Pin79=VP_SAI1_VP_$IpInstance_SAIA_SAI_BASIC
Mcu.Pin8=PF2
Mcu.Pin80=VP_SAI1_VP_$IpInstance_SAIB_SAI_BASIC
Mcu.Pin81=VP_SAI2_VP_$IpInstance_SAIA_SAI_BASIC
Mcu.Pin82=VP_SAI2_VP_$IpInstance_SAIB_SAI_BASIC
Mcu.Pin83=VP_SYS_VS_Systick
Mcu.Pin9=PF3
Mcu.PinsNb=84
Mcu.ThirdPartyNb=0
Mcu.UserConstants=
Mcu.UserName=STM32F765ZITx
MxCube.Version=5.3.0
MxDb.Version=DB.5.0.30
NVIC.BusFault_IRQn=true\:0\:0\:false\:false\:true\:false\:false
NVIC.DMA1_Stream0_IRQn=true\:0\:0\:false\:false\:true\:false\:true
NVIC.DMA1_Stream1_IRQn=true\:0\:0\:false\:false\:true\:false\:true
NVIC.DMA1_Stream3_IRQn=true\:0\:0\:false\:false\:true\:false\:true
NVIC.DMA1_Stream4_IRQn=true\:0\:0\:false\:false\:true\:false\:true
NVIC.DMA1_Stream5_IRQn=true\:0\:0\:false\:false\:true\:false\:true
NVIC.DMA2_Stream0_IRQn=true\:0\:0\:false\:false\:true\:false\:true
NVIC.DMA2_Stream1_IRQn=true\:0\:0\:false\:false\:true\:false\:true
NVIC.DMA2_Stream2_IRQn=true\:0\:0\:false\:false\:true\:false\:true
NVIC.DMA2_Stream3_IRQn=true\:0\:0\:false\:false\:true\:false\:true
NVIC.DMA2_Stream5_IRQn=true\:0\:0\:false\:false\:true\:false\:true
NVIC.DMA2_Stream6_IRQn=true\:0\:0\:false\:false\:true\:false\:true
NVIC.DebugMonitor_IRQn=true\:0\:0\:false\:false\:true\:false\:false
NVIC.EXTI0_IRQn=true\:0\:0\:false\:false\:true\:true\:true
NVIC.EXTI1_IRQn=true\:0\:0\:false\:false\:true\:true\:true
NVIC.EXTI2_IRQn=true\:0\:0\:false\:false\:true\:true\:true
NVIC.FLASH_IRQn=true\:0\:0\:false\:false\:true\:true\:true
NVIC.FPU_IRQn=true\:0\:0\:false\:false\:true\:true\:false
NVIC.HardFault_IRQn=true\:0\:0\:false\:false\:true\:false\:false
NVIC.MemoryManagement_IRQn=true\:0\:0\:false\:false\:true\:false\:false
NVIC.NonMaskableInt_IRQn=true\:0\:0\:false\:false\:true\:false\:false
NVIC.PVD_IRQn=true\:0\:0\:false\:false\:true\:true\:true
NVIC.PendSV_IRQn=true\:0\:0\:false\:false\:true\:false\:false
NVIC.PriorityGroup=NVIC_PRIORITYGROUP_4
NVIC.RCC_IRQn=true\:0\:0\:false\:false\:true\:true\:false
NVIC.SAI1_IRQn=true\:0\:0\:false\:false\:true\:true\:true
NVIC.SAI2_IRQn=true\:0\:0\:false\:false\:true\:true\:true
NVIC.SPI2_IRQn=true\:0\:0\:false\:false\:true\:true\:true
NVIC.SPI3_IRQn=true\:0\:0\:false\:false\:true\:true\:true
NVIC.SPI4_IRQn=true\:0\:0\:false\:false\:true\:true\:true
NVIC.SVCall_IRQn=true\:0\:0\:false\:false\:true\:false\:false
NVIC.SysTick_IRQn=true\:0\:0\:false\:false\:true\:false\:true
NVIC.UART7_IRQn=true\:0\:0\:false\:false\:true\:true\:true
NVIC.USART1_IRQn=true\:0\:0\:false\:false\:true\:true\:true
NVIC.UsageFault_IRQn=true\:0\:0\:false\:false\:true\:false\:false
PA0/WKUP.GPIOParameters=GPIO_Speed
PA0/WKUP.GPIO_Speed=GPIO_SPEED_FREQ_VERY_HIGH
PA0/WKUP.Locked=false
PA0/WKUP.Mode=SAI_B_AsyncSlave
PA0/WKUP.Signal=SAI2_SD_B
PA0/WKUP.Stacked=true
PA1.Locked=true
PA1.Signal=ETH_REF_CLK
PA10.Locked=true
PA10.Mode=Asynchronous
PA10.Signal=USART1_RX
PA11.Locked=true
PA11.Signal=SharedStack_PA11
PA11.Stacked=true
PA12.Locked=true
PA12.Signal=SharedStack_PA12
PA12.Stacked=true
PA13.Locked=true
PA13.Mode=Serial_Wire
PA13.Signal=SYS_JTMS-SWDIO
PA14.Locked=true
PA14.Mode=Serial_Wire
PA14.Signal=SYS_JTCK-SWCLK
PA15.GPIOParameters=GPIO_Speed,GPIO_PuPd
PA15.GPIO_PuPd=GPIO_NOPULL
PA15.GPIO_Speed=GPIO_SPEED_FREQ_VERY_HIGH
PA15.Locked=true
PA15.Signal=SharedStack_PA15
PA15.Stacked=true
PA2.Locked=true
PA2.Signal=SharedStack_PA2
PA2.Stacked=true
PA7.Locked=true
PA7.Signal=SharedStack_PA7
PA7.Stacked=true
PA8.Mode=Clock-out-1
PA8.Signal=RCC_MCO_1
PA9.Locked=true
PA9.Mode=Asynchronous
PA9.Signal=USART1_TX
PB10.Locked=true
PB10.Mode=Full_Duplex_Master
PB10.Signal=SPI2_SCK
PB11.Locked=true
PB11.Signal=ETH_TX_EN
PB12.Locked=true
PB12.Signal=ETH_TXD0
PB13.Locked=true
PB13.Signal=SharedStack_PB13
PB13.Stacked=true
PB14.Locked=true
PB14.Signal=USB_OTG_HS_DM
PB14.Stacked=true
PB15.Locked=true
PB15.Signal=USB_OTG_HS_DP
PB15.Stacked=true
PB3.Locked=true
PB3.Signal=SYS_JTDO-SWO
PB4.Locked=true
PB4.Signal=SPI6_MISO
PB5.Locked=true
PB5.Signal=SharedStack_PB5
PB5.Stacked=true
PB6.Locked=true
PB6.Signal=CAN2_TX
PB6.Stacked=true
PB9.GPIOParameters=GPIO_PuPd
PB9.GPIO_PuPd=GPIO_NOPULL
PB9.Locked=true
PB9.Mode=NSS_Signal_Hard_Output
PB9.Signal=SPI2_NSS
PC0.GPIOParameters=GPIO_Speed
PC0.GPIO_Speed=GPIO_SPEED_FREQ_VERY_HIGH
PC0.Locked=true
PC0.Mode=SAI_B_AsyncSlave
PC0.Signal=SAI2_FS_B
PC0.Stacked=true
PC1.Locked=true
PC1.Signal=ETH_MDC
PC10.GPIOParameters=GPIO_Speed
PC10.GPIO_Speed=GPIO_SPEED_FREQ_VERY_HIGH
PC10.Locked=true
PC10.Signal=SharedStack_PC10
PC10.Stacked=true
PC11.Locked=true
PC11.Signal=SharedStack_PC11
PC11.Stacked=true
PC12.Locked=true
PC12.Signal=SharedStack_PC12
PC12.Stacked=true
PC13.GPIOParameters=GPIO_Label
PC13.GPIO_Label=AD_START
PC13.Locked=true
PC13.Signal=GPIO_Output
PC2.Locked=true
PC2.Mode=Full_Duplex_Master
PC2.Signal=SPI2_MISO
PC3.Locked=true
PC3.Mode=Full_Duplex_Master
PC3.Signal=SPI2_MOSI
PC4.Locked=true
PC4.Signal=ETH_RXD0
PC5.Locked=true
PC5.Signal=ETH_RXD1
PC8.Locked=true
PC8.Signal=SDMMC1_D0
PC9.Locked=true
PC9.Signal=SharedStack_PC9
PC9.Stacked=true
PCC.Checker=false
PCC.Line=STM32F7x5
PCC.MCU=STM32F765Z(G-I)Tx
PCC.PartNumber=STM32F765ZITx
PCC.Seq0=0
PCC.Series=STM32F7
PCC.Temperature=25
PCC.Vdd=3.3
PD11.GPIOParameters=GPIO_Speed
PD11.GPIO_Speed=GPIO_SPEED_FREQ_VERY_HIGH
PD11.Locked=true
PD11.Mode=SAI_A_SyncSlave
PD11.Signal=SAI2_SD_A
PD11.Stacked=true
PD12.Locked=true
PD12.Signal=SharedStack_PD12
PD12.Stacked=true
PD13.GPIOParameters=GPIO_Speed
PD13.GPIO_Speed=GPIO_SPEED_FREQ_VERY_HIGH
PD13.Locked=true
PD13.Signal=SAI2_SCK_A
PD2.Locked=true
PD2.Signal=SDMMC1_CMD
PD6.Locked=true
PD6.Signal=SDMMC2_CK
PD7.Locked=true
PD7.Signal=SDMMC2_CMD
PD8.Locked=true
PD8.Signal=USART3_TX
PD9.Locked=true
PD9.Signal=USART3_RX
PE0.GPIOParameters=GPIO_Label
PE0.GPIO_Label=AD_DRDY0
PE0.Locked=true
PE0.Signal=GPXTI0
PE1.GPIOParameters=GPIO_Label
PE1.GPIO_Label=AD_DRDY1
PE1.Locked=true
PE1.Signal=GPXTI1
PE11.GPIOParameters=GPIO_PuPd
PE11.GPIO_PuPd=GPIO_NOPULL
PE11.Locked=true
PE11.Mode=NSS_Signal_Hard_Output
PE11.Signal=SPI4_NSS
PE12.Locked=true
PE12.Mode=Full_Duplex_Master
PE12.Signal=SPI4_SCK
PE13.Locked=true
PE13.Mode=Full_Duplex_Master
PE13.Signal=SPI4_MISO
PE14.Mode=Full_Duplex_Master
PE14.Signal=SPI4_MOSI
PE2.GPIOParameters=GPIO_Label
PE2.GPIO_Label=AD_DRDY2
PE2.Locked=true
PE2.Signal=GPXTI2
PE3.GPIOParameters=GPIO_Speed
PE3.GPIO_Speed=GPIO_SPEED_FREQ_VERY_HIGH
PE3.Locked=true
PE3.Mode=SAI_B_AsyncSlave
PE3.Signal=SAI1_SD_B
PE4.GPIOParameters=GPIO_Speed
PE4.GPIO_Speed=GPIO_SPEED_FREQ_VERY_HIGH
PE4.Locked=true
PE4.Mode=SAI_A_AsyncSlave
PE4.Signal=SAI1_FS_A
PE5.GPIOParameters=GPIO_Speed
PE5.GPIO_Speed=GPIO_SPEED_FREQ_VERY_HIGH
PE5.Locked=true
PE5.Mode=SAI_A_AsyncSlave
PE5.Signal=SAI1_SCK_A
PE6.GPIOParameters=GPIO_Speed
PE6.GPIO_Speed=GPIO_SPEED_FREQ_VERY_HIGH
PE6.Locked=true
PE6.Mode=SAI_A_AsyncSlave
PE6.Signal=SAI1_SD_A
PF0.Locked=true
PF0.Signal=I2C2_SDA
PF1.Locked=true
PF1.Signal=I2C2_SCL
PF10.GPIOParameters=GPIO_Speed,GPIO_Label
PF10.GPIO_Label=AD_RESET
PF10.GPIO_Speed=GPIO_SPEED_FREQ_VERY_HIGH
PF10.Locked=true
PF10.Signal=SharedStack_PF10
PF10.Stacked=true
PF12.Locked=true
PF12.Signal=GPIO_Input
PF2.GPIOParameters=GPIO_Speed,GPIO_Label
PF2.GPIO_Label=SPI2_NSS_AD1
PF2.GPIO_Speed=GPIO_SPEED_FREQ_VERY_HIGH
PF2.Locked=true
PF2.Signal=GPIO_Output
PF3.GPIOParameters=GPIO_Speed,GPIO_Label
PF3.GPIO_Label=SPI2_NSS_AD2
PF3.GPIO_Speed=GPIO_SPEED_FREQ_VERY_HIGH
PF3.Locked=true
PF3.Signal=GPIO_Output
PF4.GPIOParameters=GPIO_Speed,GPIO_Label
PF4.GPIO_Label=SPI2_NSS_AD3
PF4.GPIO_Speed=GPIO_SPEED_FREQ_VERY_HIGH
PF4.Locked=true
PF4.Signal=GPIO_Output
PF5.GPIOParameters=GPIO_Speed,PinState,GPIO_Label
PF5.GPIO_Label=SPI2_NSS_AD4
PF5.GPIO_Speed=GPIO_SPEED_FREQ_VERY_HIGH
PF5.Locked=true
PF5.PinState=GPIO_PIN_RESET
PF5.Signal=GPIO_Output
PF6.Locked=true
PF6.Mode=Asynchronous
PF6.Signal=UART7_RX
PF7.Locked=true
PF7.Mode=Asynchronous
PF7.Signal=UART7_TX
PF8.GPIOParameters=GPIO_Speed
PF8.GPIO_Speed=GPIO_SPEED_FREQ_VERY_HIGH
PF8.Locked=true
PF8.Mode=SAI_B_AsyncSlave
PF8.Signal=SAI1_SCK_B
PF9.GPIOParameters=GPIO_Speed
PF9.GPIO_Speed=GPIO_SPEED_FREQ_VERY_HIGH
PF9.Locked=true
PF9.Mode=SAI_B_AsyncSlave
PF9.Signal=SAI1_FS_B
PG0.Locked=true
PG0.Signal=GPIO_Input
PG1.Locked=true
PG1.Signal=GPIO_Input
PG10.Locked=true
PG10.Signal=SDMMC2_D1
PG10.Stacked=true
PG11.Locked=true
PG11.Signal=SDMMC2_D2
PG12.Locked=true
PG12.Signal=SDMMC2_D3
PG13.Locked=true
PG13.Signal=SPI6_SCK
PG2.Locked=true
PG2.Signal=GPIO_Input
PG3.Locked=true
PG3.Signal=GPIO_Input
PG4.Locked=true
PG4.Signal=GPIO_Input
PG5.Locked=true
PG5.Signal=GPIO_Input
PG6.Locked=true
PG6.Signal=GPIO_Input
PG8.Locked=true
PG8.Signal=SPI6_NSS
PG9.Locked=true
PG9.Signal=SDMMC2_D0
PinOutPanel.RotationAngle=0
ProjectManager.AskForMigrate=true
ProjectManager.BackupPrevious=false
ProjectManager.CompilerOptimize=6
ProjectManager.ComputerToolchain=false
ProjectManager.CoupleFile=false
ProjectManager.CustomerFirmwarePackage=
ProjectManager.DefaultFWLocation=true
ProjectManager.DeletePrevious=true
ProjectManager.DeviceId=STM32F765ZITx
ProjectManager.FirmwarePackage=STM32Cube FW_F7 V1.15.0
ProjectManager.FreePins=false
ProjectManager.HalAssertFull=false
ProjectManager.HeapSize=0x200
ProjectManager.KeepUserCode=true
ProjectManager.LastFirmware=true
ProjectManager.LibraryCopy=1
ProjectManager.MainLocation=Src
ProjectManager.NoMain=false
ProjectManager.PreviousToolchain=SW4STM32
ProjectManager.ProjectBuild=false
ProjectManager.ProjectFileName=STM32F765ZI_alpha2_INT_SAI_PCM.ioc
ProjectManager.ProjectName=STM32F765ZI_alpha2_INT_SAI_PCM
ProjectManager.StackSize=0x400
ProjectManager.TargetToolchain=SW4STM32
ProjectManager.ToolChainLocation=
ProjectManager.UnderRoot=true
ProjectManager.functionlistsort=1-MX_GPIO_Init-GPIO-false-HAL-true,2-MX_DMA_Init-DMA-false-HAL-true,3-SystemClock_Config-RCC-false-HAL-false,4-MX_SPI2_Init-SPI2-false-HAL-true,5-MX_UART7_Init-UART7-false-HAL-true,6-MX_SAI1_Init-SAI1-false-HAL-true,7-MX_USART1_UART_Init-USART1-false-HAL-true,8-MX_SPI4_Init-SPI4-false-HAL-true,9-MX_SPI3_Init-SPI3-false-HAL-true,10-MX_SAI2_Init-SAI2-false-HAL-true
RCC.AHBFreq_Value=216000000
RCC.APB1CLKDivider=RCC_HCLK_DIV4
RCC.APB1Freq_Value=54000000
RCC.APB1TimFreq_Value=108000000
RCC.APB2CLKDivider=RCC_HCLK_DIV2
RCC.APB2Freq_Value=108000000
RCC.APB2TimFreq_Value=216000000
RCC.CECFreq_Value=32786.88524590164
RCC.CortexFreq_Value=216000000
RCC.DFSDMAudioFreq_Value=96000000
RCC.DFSDMFreq_Value=108000000
RCC.EXTERNAL_CLOCK_VALUE=12288000
RCC.EthernetFreq_Value=216000000
RCC.FCLKCortexFreq_Value=216000000
RCC.FamilyName=M
RCC.HCLKFreq_Value=216000000
RCC.HSE_VALUE=8192000
RCC.HSI_VALUE=16000000
RCC.I2C1CLockSelection=RCC_I2C1CLKSOURCE_SYSCLK
RCC.I2C1Freq_Value=216000000
RCC.I2C2CLockSelection=RCC_I2C2CLKSOURCE_SYSCLK
RCC.I2C2Freq_Value=216000000
RCC.I2C3Freq_Value=54000000
RCC.I2C4Freq_Value=54000000
RCC.I2SFreq_Value=96000000
RCC.IPParameters=AHBFreq_Value,APB1CLKDivider,APB1Freq_Value,APB1TimFreq_Value,APB2CLKDivider,APB2Freq_Value,APB2TimFreq_Value,CECFreq_Value,CortexFreq_Value,DFSDMAudioFreq_Value,DFSDMFreq_Value,EXTERNAL_CLOCK_VALUE,EthernetFreq_Value,FCLKCortexFreq_Value,FamilyName,HCLKFreq_Value,HSE_VALUE,HSI_VALUE,I2C1CLockSelection,I2C1Freq_Value,I2C2CLockSelection,I2C2Freq_Value,I2C3Freq_Value,I2C4Freq_Value,I2SFreq_Value,LPTIM1Freq_Value,LSE_VALUE,LSI_VALUE,MCO1PinFreq_Value,MCO2PinFreq_Value,PLLCLKFreq_Value,PLLI2SN,PLLI2SPCLKFreq_Value,PLLI2SQCLKFreq_Value,PLLI2SRCLKFreq_Value,PLLI2SRoutputFreq_Value,PLLM,PLLN,PLLQ,PLLQCLKFreq_Value,PLLQoutputFreq_Value,PLLRFreq_Value,PLLSAIN,PLLSAIPCLKFreq_Value,PLLSAIQ,PLLSAIQCLKFreq_Value,PLLSAIRCLKFreq_Value,PLLSAIoutputFreq_Value,RCC_MCO1Source,RNGFreq_Value,SAI1CLockSelection,SAI1Freq_Value,SAI2CLockSelection,SAI2Freq_Value,SDMMC2ClockSelection,SDMMC2Freq_Value,SDMMCClockSelection,SDMMCFreq_Value,SPDIFRXFreq_Value,SYSCLKFreq_VALUE,SYSCLKSource,UART4Freq_Value,UART5Freq_Value,UART7CLockSelection,UART7Freq_Value,UART8Freq_Value,USART1CLockSelection,USART1Freq_Value,USART2Freq_Value,USART3CLockSelection,USART3Freq_Value,USART6Freq_Value,USBFreq_Value,VCOI2SOutputFreq_Value,VCOInputFreq_Value,VCOOutputFreq_Value,VCOSAIOutputFreq_Value
RCC.LPTIM1Freq_Value=54000000
RCC.LSE_VALUE=32768
RCC.LSI_VALUE=32000
RCC.MCO1PinFreq_Value=216000000
RCC.MCO2PinFreq_Value=216000000
RCC.PLLCLKFreq_Value=216000000
RCC.PLLI2SN=96
RCC.PLLI2SPCLKFreq_Value=96000000
RCC.PLLI2SQCLKFreq_Value=96000000
RCC.PLLI2SRCLKFreq_Value=96000000
RCC.PLLI2SRoutputFreq_Value=96000000
RCC.PLLM=8
RCC.PLLN=216
RCC.PLLQ=9
RCC.PLLQCLKFreq_Value=48000000
RCC.PLLQoutputFreq_Value=48000000
RCC.PLLRFreq_Value=216000000
RCC.PLLSAIN=96
RCC.PLLSAIPCLKFreq_Value=96000000
RCC.PLLSAIQ=3
RCC.PLLSAIQCLKFreq_Value=64000000
RCC.PLLSAIRCLKFreq_Value=96000000
RCC.PLLSAIoutputFreq_Value=96000000
RCC.RCC_MCO1Source=RCC_MCO1SOURCE_PLLCLK
RCC.RNGFreq_Value=48000000
RCC.SAI1CLockSelection=RCC_SAI1CLKSOURCE_PLLI2S
RCC.SAI1Freq_Value=96000000
RCC.SAI2CLockSelection=RCC_SAI2CLKSOURCE_PLLI2S
RCC.SAI2Freq_Value=96000000
RCC.SDMMC2ClockSelection=RCC_SDMMC2CLKSOURCE_CLK48
RCC.SDMMC2Freq_Value=48000000
RCC.SDMMCClockSelection=RCC_SDMMC1CLKSOURCE_CLK48
RCC.SDMMCFreq_Value=48000000
RCC.SPDIFRXFreq_Value=96000000
RCC.SYSCLKFreq_VALUE=216000000
RCC.SYSCLKSource=RCC_SYSCLKSOURCE_PLLCLK
RCC.UART4Freq_Value=54000000
RCC.UART5Freq_Value=54000000
RCC.UART7CLockSelection=RCC_UART7CLKSOURCE_SYSCLK
RCC.UART7Freq_Value=216000000
RCC.UART8Freq_Value=54000000
RCC.USART1CLockSelection=RCC_USART1CLKSOURCE_SYSCLK
RCC.USART1Freq_Value=216000000
RCC.USART2Freq_Value=54000000
RCC.USART3CLockSelection=RCC_USART3CLKSOURCE_SYSCLK
RCC.USART3Freq_Value=216000000
RCC.USART6Freq_Value=108000000
RCC.USBFreq_Value=48000000
RCC.VCOI2SOutputFreq_Value=192000000
RCC.VCOInputFreq_Value=2000000
RCC.VCOOutputFreq_Value=432000000
RCC.VCOSAIOutputFreq_Value=192000000
SAI1.BasicDataSize-SAI_A_AsyncSlave=SAI_PROTOCOL_DATASIZE_32BIT
SAI1.BasicDataSize-SAI_B_AsyncSlave=SAI_PROTOCOL_DATASIZE_32BIT
SAI1.BasicProtocol-SAI_A_AsyncSlave=SAI_PCM_SHORT
SAI1.BasicProtocol-SAI_B_AsyncSlave=SAI_PCM_SHORT
SAI1.BasicSlotNumber-SAI_A_AsyncSlave=8
SAI1.BasicSlotNumber-SAI_B_AsyncSlave=8
SAI1.FIFOThreshold-SAI_B_AsyncSlave=SAI_FIFOTHRESHOLD_EMPTY
SAI1.IPParameters=Instance-SAI_B_AsyncSlave,VirtualMode-SAI_B_AsyncSlave,FIFOThreshold-SAI_B_AsyncSlave,InitProtocol-SAI_B_AsyncSlave,VirtualProtocol-SAI_B_BASIC,BasicProtocol-SAI_B_AsyncSlave,BasicDataSize-SAI_B_AsyncSlave,BasicSlotNumber-SAI_B_AsyncSlave,Instance-SAI_A_AsyncSlave,VirtualMode-SAI_A_AsyncSlave,InitProtocol-SAI_A_AsyncSlave,VirtualProtocol-SAI_A_BASIC,BasicProtocol-SAI_A_AsyncSlave,BasicDataSize-SAI_A_AsyncSlave,BasicSlotNumber-SAI_A_AsyncSlave
SAI1.InitProtocol-SAI_A_AsyncSlave=Enable
SAI1.InitProtocol-SAI_B_AsyncSlave=Enable
SAI1.Instance-SAI_A_AsyncSlave=SAI$Index_Block_A
SAI1.Instance-SAI_B_AsyncSlave=SAI$Index_Block_B
SAI1.VirtualMode-SAI_A_AsyncSlave=VM_SLAVE
SAI1.VirtualMode-SAI_B_AsyncSlave=VM_SLAVE
SAI1.VirtualProtocol-SAI_A_BASIC=VM_BASIC_PROTOCOL
SAI1.VirtualProtocol-SAI_B_BASIC=VM_BASIC_PROTOCOL
SAI2.BasicDataSize-SAI_A_SyncSlave=SAI_PROTOCOL_DATASIZE_32BIT
SAI2.BasicDataSize-SAI_B_AsyncSlave=SAI_PROTOCOL_DATASIZE_32BIT
SAI2.BasicProtocol-SAI_A_SyncSlave=SAI_PCM_SHORT
SAI2.BasicProtocol-SAI_B_AsyncSlave=SAI_PCM_SHORT
SAI2.BasicSlotNumber-SAI_A_SyncSlave=8
SAI2.BasicSlotNumber-SAI_B_AsyncSlave=8
SAI2.IPParameters=Instance-SAI_A_SyncSlave,VirtualMode-SAI_A_SyncSlave,InitProtocol-SAI_A_SyncSlave,VirtualProtocol-SAI_A_BASIC,VirtualProtocol-SAI_B_BASIC,Synchro-SAI_A_SyncSlave,BasicProtocol-SAI_A_SyncSlave,BasicDataSize-SAI_A_SyncSlave,BasicSlotNumber-SAI_A_SyncSlave,Instance-SAI_B_AsyncSlave,VirtualMode-SAI_B_AsyncSlave,InitProtocol-SAI_B_AsyncSlave,BasicProtocol-SAI_B_AsyncSlave,BasicDataSize-SAI_B_AsyncSlave,BasicSlotNumber-SAI_B_AsyncSlave
SAI2.InitProtocol-SAI_A_SyncSlave=Enable
SAI2.InitProtocol-SAI_B_AsyncSlave=Enable
SAI2.Instance-SAI_A_SyncSlave=SAI$Index_Block_A
SAI2.Instance-SAI_B_AsyncSlave=SAI$Index_Block_B
SAI2.Synchro-SAI_A_SyncSlave=SAI_SYNCHRONOUS_EXT_SAI1
SAI2.VirtualMode-SAI_A_SyncSlave=VM_SLAVE
SAI2.VirtualMode-SAI_B_AsyncSlave=VM_SLAVE
SAI2.VirtualProtocol-SAI_A_BASIC=VM_BASIC_PROTOCOL
SAI2.VirtualProtocol-SAI_B_BASIC=VM_BASIC_PROTOCOL
SH.GPXTI0.0=GPIO_EXTI0
SH.GPXTI0.ConfNb=1
SH.GPXTI1.0=GPIO_EXTI1
SH.GPXTI1.ConfNb=1
SH.GPXTI2.0=GPIO_EXTI2
SH.GPXTI2.ConfNb=1
SH.SharedStack_PA11.0=USB_OTG_FS_DM
SH.SharedStack_PA11.1=USART1_CTS
SH.SharedStack_PA11.ConfNb=2
SH.SharedStack_PA12.0=USB_OTG_FS_DP
SH.SharedStack_PA12.1=USART1_RTS
SH.SharedStack_PA12.ConfNb=2
SH.SharedStack_PA15.0=SYS_JTDI
SH.SharedStack_PA15.1=SPI3_NSS,NSS_Signal_Hard_Output
SH.SharedStack_PA15.ConfNb=2
SH.SharedStack_PA2.0=ETH_MDIO
SH.SharedStack_PA2.1=SAI2_SCK_B,SAI_B_AsyncSlave
SH.SharedStack_PA2.ConfNb=2
SH.SharedStack_PA7.0=SPI1_MOSI
SH.SharedStack_PA7.1=ETH_CRS_DV
SH.SharedStack_PA7.ConfNb=2
SH.SharedStack_PB13.0=USART3_CTS
SH.SharedStack_PB13.1=ETH_TXD1
SH.SharedStack_PB13.ConfNb=2
SH.SharedStack_PB5.0=CAN2_RX
SH.SharedStack_PB5.1=I2S1_SD
SH.SharedStack_PB5.2=SPI6_MOSI
SH.SharedStack_PB5.ConfNb=3
SH.SharedStack_PC10.0=I2S3_CK
SH.SharedStack_PC10.1=SPI3_SCK,Full_Duplex_Master
SH.SharedStack_PC10.ConfNb=2
SH.SharedStack_PC11.0=SDMMC1_D3
SH.SharedStack_PC11.1=SPI3_MISO,Full_Duplex_Master
SH.SharedStack_PC11.ConfNb=2
SH.SharedStack_PC12.0=SDMMC1_CK
SH.SharedStack_PC12.1=SPI3_MOSI,Full_Duplex_Master
SH.SharedStack_PC12.ConfNb=2
SH.SharedStack_PC9.0=SDMMC1_D1
SH.SharedStack_PC9.1=RCC_MCO_2,Clock-out-2
SH.SharedStack_PC9.ConfNb=2
SH.SharedStack_PD12.0=USART3_RTS
SH.SharedStack_PD12.1=SAI2_FS_A
SH.SharedStack_PD12.ConfNb=2
SH.SharedStack_PF10.0=GPIO_Input+0
SH.SharedStack_PF10.1=GPIO_Output
SH.SharedStack_PF10.ConfNb=2
SPI2.BaudRatePrescaler=SPI_BAUDRATEPRESCALER_4
SPI2.CalculateBaudRate=13.5 MBits/s
SPI2.DataSize=SPI_DATASIZE_8BIT
SPI2.Direction=SPI_DIRECTION_2LINES
SPI2.IPParameters=VirtualType,Mode,Direction,CalculateBaudRate,DataSize,BaudRatePrescaler,NSSPMode,VirtualNSS
SPI2.Mode=SPI_MODE_MASTER
SPI2.NSSPMode=SPI_NSS_PULSE_DISABLE
SPI2.VirtualNSS=VM_NSSHARD
SPI2.VirtualType=VM_MASTER
SPI3.BaudRatePrescaler=SPI_BAUDRATEPRESCALER_4
SPI3.CalculateBaudRate=13.5 MBits/s
SPI3.DataSize=SPI_DATASIZE_8BIT
SPI3.Direction=SPI_DIRECTION_2LINES
SPI3.IPParameters=VirtualType,Mode,Direction,CalculateBaudRate,VirtualNSS,DataSize,BaudRatePrescaler,NSSPMode
SPI3.Mode=SPI_MODE_MASTER
SPI3.NSSPMode=SPI_NSS_PULSE_DISABLE
SPI3.VirtualNSS=VM_NSSHARD
SPI3.VirtualType=VM_MASTER
SPI4.BaudRatePrescaler=SPI_BAUDRATEPRESCALER_8
SPI4.CalculateBaudRate=13.5 MBits/s
SPI4.DataSize=SPI_DATASIZE_8BIT
SPI4.Direction=SPI_DIRECTION_2LINES
SPI4.IPParameters=VirtualType,Mode,Direction,DataSize,CalculateBaudRate,VirtualNSS,BaudRatePrescaler,NSSPMode
SPI4.Mode=SPI_MODE_MASTER
SPI4.NSSPMode=SPI_NSS_PULSE_DISABLE
SPI4.VirtualNSS=VM_NSSHARD
SPI4.VirtualType=VM_MASTER
UART7.BaudRate=921600
UART7.IPParameters=BaudRate
USART1.IPParameters=VirtualMode-Asynchronous
USART1.VirtualMode-Asynchronous=VM_ASYNC
VP_SAI1_VP_$IpInstance_SAIA_SAI_BASIC.Mode=SAI_A_BASIC
VP_SAI1_VP_$IpInstance_SAIA_SAI_BASIC.Signal=SAI1_VP_$IpInstance_SAIA_SAI_BASIC
VP_SAI1_VP_$IpInstance_SAIB_SAI_BASIC.Mode=SAI_B_BASIC
VP_SAI1_VP_$IpInstance_SAIB_SAI_BASIC.Signal=SAI1_VP_$IpInstance_SAIB_SAI_BASIC
VP_SAI2_VP_$IpInstance_SAIA_SAI_BASIC.Mode=SAI_A_BASIC
VP_SAI2_VP_$IpInstance_SAIA_SAI_BASIC.Signal=SAI2_VP_$IpInstance_SAIA_SAI_BASIC
VP_SAI2_VP_$IpInstance_SAIB_SAI_BASIC.Mode=SAI_B_BASIC
VP_SAI2_VP_$IpInstance_SAIB_SAI_BASIC.Signal=SAI2_VP_$IpInstance_SAIB_SAI_BASIC
VP_SYS_VS_Systick.Mode=SysTick
VP_SYS_VS_Systick.Signal=SYS_VS_Systick
board=custom
